
Microsoft Visual Studio Solution File, Format Version 12.00
# Visual Studio Version 17
VisualStudioVersion = 17.1.32328.378
MinimumVisualStudioVersion = 10.0.40219.1
Project("{FAE04EC0-301F-11D3-BF4B-00C04F79EFBC}") = "LinearSearch", "LinearSearch.csproj", "{70A6D1DA-74A8-489B-AF57-13274E147891}"
EndProject
Global
	GlobalSection(SolutionConfigurationPlatforms) = preSolution
		Debug|Any CPU = Debug|Any CPU
		Release|Any CPU = Release|Any CPU
	EndGlobalSection
	GlobalSection(ProjectConfigurationPlatforms) = postSolution
		{70A6D1DA-74A8-489B-AF57-13274E147891}.Debug|Any CPU.ActiveCfg = Debug|Any CPU
		{70A6D1DA-74A8-489B-AF57-13274E147891}.Debug|Any CPU.Build.0 = Debug|Any CPU
		{70A6D1DA-74A8-489B-AF57-13274E147891}.Release|Any CPU.ActiveCfg = Release|Any CPU
		{70A6D1DA-74A8-489B-AF57-13274E147891}.Release|Any CPU.Build.0 = Release|Any CPU
	EndGlobalSection
	GlobalSection(SolutionProperties) = preSolution
		HideSolutionNode = FALSE
	EndGlobalSection
	GlobalSection(ExtensibilityGlobals) = postSolution
		SolutionGuid = {989FD6C5-5E98-43D4-81AE-FE2CEFD08C88}
	EndGlobalSection
EndGlobal
