
Microsoft Visual Studio Solution File, Format Version 12.00
# Visual Studio Version 17
VisualStudioVersion = 17.1.32328.378
MinimumVisualStudioVersion = 10.0.40219.1
Project("{FAE04EC0-301F-11D3-BF4B-00C04F79EFBC}") = "InsertionSort", "InsertionSort.csproj", "{7D544142-3E86-434E-AA8F-D90D7AEB26FA}"
EndProject
Global
	GlobalSection(SolutionConfigurationPlatforms) = preSolution
		Debug|Any CPU = Debug|Any CPU
		Release|Any CPU = Release|Any CPU
	EndGlobalSection
	GlobalSection(ProjectConfigurationPlatforms) = postSolution
		{7D544142-3E86-434E-AA8F-D90D7AEB26FA}.Debug|Any CPU.ActiveCfg = Debug|Any CPU
		{7D544142-3E86-434E-AA8F-D90D7AEB26FA}.Debug|Any CPU.Build.0 = Debug|Any CPU
		{7D544142-3E86-434E-AA8F-D90D7AEB26FA}.Release|Any CPU.ActiveCfg = Release|Any CPU
		{7D544142-3E86-434E-AA8F-D90D7AEB26FA}.Release|Any CPU.Build.0 = Release|Any CPU
	EndGlobalSection
	GlobalSection(SolutionProperties) = preSolution
		HideSolutionNode = FALSE
	EndGlobalSection
	GlobalSection(ExtensibilityGlobals) = postSolution
		SolutionGuid = {79AD4B6C-D70B-45C8-B419-54D6A305B8C2}
	EndGlobalSection
EndGlobal
