
Microsoft Visual Studio Solution File, Format Version 12.00
# Visual Studio Version 17
VisualStudioVersion = 17.1.32328.378
MinimumVisualStudioVersion = 10.0.40219.1
Project("{9A19103F-16F7-4668-BE54-9A1E7A4F7556}") = "IterationBinarySearch", "IterationBinarySearch.csproj", "{B2C24C19-E8AF-4079-8D56-1BD7C2FCBD99}"
EndProject
Global
	GlobalSection(SolutionConfigurationPlatforms) = preSolution
		Debug|Any CPU = Debug|Any CPU
		Release|Any CPU = Release|Any CPU
	EndGlobalSection
	GlobalSection(ProjectConfigurationPlatforms) = postSolution
		{B2C24C19-E8AF-4079-8D56-1BD7C2FCBD99}.Debug|Any CPU.ActiveCfg = Debug|Any CPU
		{B2C24C19-E8AF-4079-8D56-1BD7C2FCBD99}.Debug|Any CPU.Build.0 = Debug|Any CPU
		{B2C24C19-E8AF-4079-8D56-1BD7C2FCBD99}.Release|Any CPU.ActiveCfg = Release|Any CPU
		{B2C24C19-E8AF-4079-8D56-1BD7C2FCBD99}.Release|Any CPU.Build.0 = Release|Any CPU
	EndGlobalSection
	GlobalSection(SolutionProperties) = preSolution
		HideSolutionNode = FALSE
	EndGlobalSection
	GlobalSection(ExtensibilityGlobals) = postSolution
		SolutionGuid = {03379AE6-C152-4268-BB7B-EB8F1558B6E7}
	EndGlobalSection
EndGlobal
