
Microsoft Visual Studio Solution File, Format Version 12.00
# Visual Studio Version 17
VisualStudioVersion = 17.1.32328.378
MinimumVisualStudioVersion = 10.0.40219.1
Project("{FAE04EC0-301F-11D3-BF4B-00C04F79EFBC}") = "BubbleSort", "BubbleSort.csproj", "{4A2E7591-A365-44DF-B44F-BDD22BE37AED}"
EndProject
Global
	GlobalSection(SolutionConfigurationPlatforms) = preSolution
		Debug|Any CPU = Debug|Any CPU
		Release|Any CPU = Release|Any CPU
	EndGlobalSection
	GlobalSection(ProjectConfigurationPlatforms) = postSolution
		{4A2E7591-A365-44DF-B44F-BDD22BE37AED}.Debug|Any CPU.ActiveCfg = Debug|Any CPU
		{4A2E7591-A365-44DF-B44F-BDD22BE37AED}.Debug|Any CPU.Build.0 = Debug|Any CPU
		{4A2E7591-A365-44DF-B44F-BDD22BE37AED}.Release|Any CPU.ActiveCfg = Release|Any CPU
		{4A2E7591-A365-44DF-B44F-BDD22BE37AED}.Release|Any CPU.Build.0 = Release|Any CPU
	EndGlobalSection
	GlobalSection(SolutionProperties) = preSolution
		HideSolutionNode = FALSE
	EndGlobalSection
	GlobalSection(ExtensibilityGlobals) = postSolution
		SolutionGuid = {D9400F3E-81A5-4D7D-BBF7-9E4E2BCDFB61}
	EndGlobalSection
EndGlobal
