
Microsoft Visual Studio Solution File, Format Version 12.00
# Visual Studio Version 17
VisualStudioVersion = 17.3.32929.385
MinimumVisualStudioVersion = 10.0.40219.1
Project("{FAE04EC0-301F-11D3-BF4B-00C04F79EFBC}") = "Exercise", "Exercise\Exercise.csproj", "{35913EEB-C0B0-467D-A5E1-2E09D8EE9767}"
EndProject
Global
	GlobalSection(SolutionConfigurationPlatforms) = preSolution
		Debug|Any CPU = Debug|Any CPU
		Release|Any CPU = Release|Any CPU
	EndGlobalSection
	GlobalSection(ProjectConfigurationPlatforms) = postSolution
		{35913EEB-C0B0-467D-A5E1-2E09D8EE9767}.Debug|Any CPU.ActiveCfg = Debug|Any CPU
		{35913EEB-C0B0-467D-A5E1-2E09D8EE9767}.Debug|Any CPU.Build.0 = Debug|Any CPU
		{35913EEB-C0B0-467D-A5E1-2E09D8EE9767}.Release|Any CPU.ActiveCfg = Release|Any CPU
		{35913EEB-C0B0-467D-A5E1-2E09D8EE9767}.Release|Any CPU.Build.0 = Release|Any CPU
	EndGlobalSection
	GlobalSection(SolutionProperties) = preSolution
		HideSolutionNode = FALSE
	EndGlobalSection
	GlobalSection(ExtensibilityGlobals) = postSolution
		SolutionGuid = {D92D503D-936C-4F4F-98E0-69FF9420BFF7}
	EndGlobalSection
EndGlobal
